
Microsoft Visual Studio Solution File, Format Version 12.00
# Visual Studio Version 17
VisualStudioVersion = 17.11.35312.102
MinimumVisualStudioVersion = 10.0.40219.1
Project("{FAE04EC0-301F-11D3-BF4B-00C04F79EFBC}") = "listaDoble", "listaDoble\listaDoble.csproj", "{71B61F2C-4E7E-49EC-B1B3-EF9D292B9E74}"
EndProject
Global
	GlobalSection(SolutionConfigurationPlatforms) = preSolution
		Debug|Any CPU = Debug|Any CPU
		Release|Any CPU = Release|Any CPU
	EndGlobalSection
	GlobalSection(ProjectConfigurationPlatforms) = postSolution
		{71B61F2C-4E7E-49EC-B1B3-EF9D292B9E74}.Debug|Any CPU.ActiveCfg = Debug|Any CPU
		{71B61F2C-4E7E-49EC-B1B3-EF9D292B9E74}.Debug|Any CPU.Build.0 = Debug|Any CPU
		{71B61F2C-4E7E-49EC-B1B3-EF9D292B9E74}.Release|Any CPU.ActiveCfg = Release|Any CPU
		{71B61F2C-4E7E-49EC-B1B3-EF9D292B9E74}.Release|Any CPU.Build.0 = Release|Any CPU
	EndGlobalSection
	GlobalSection(SolutionProperties) = preSolution
		HideSolutionNode = FALSE
	EndGlobalSection
	GlobalSection(ExtensibilityGlobals) = postSolution
		SolutionGuid = {365B48E2-35C1-4F09-A78D-C352584896FD}
	EndGlobalSection
EndGlobal
